
Microsoft Visual Studio Solution File, Format Version 12.00
# Visual Studio Version 17
VisualStudioVersion = 17.4.33122.133
MinimumVisualStudioVersion = 10.0.40219.1
Project("{FAE04EC0-301F-11D3-BF4B-00C04F79EFBC}") = "PersonelTakip", "PersonelTakip\PersonelTakip.csproj", "{B1E341C3-8077-4FBF-BDE3-14E20F638559}"
EndProject
Global
	GlobalSection(SolutionConfigurationPlatforms) = preSolution
		Debug|Any CPU = Debug|Any CPU
		Release|Any CPU = Release|Any CPU
	EndGlobalSection
	GlobalSection(ProjectConfigurationPlatforms) = postSolution
		{B1E341C3-8077-4FBF-BDE3-14E20F638559}.Debug|Any CPU.ActiveCfg = Debug|Any CPU
		{B1E341C3-8077-4FBF-BDE3-14E20F638559}.Debug|Any CPU.Build.0 = Debug|Any CPU
		{B1E341C3-8077-4FBF-BDE3-14E20F638559}.Release|Any CPU.ActiveCfg = Release|Any CPU
		{B1E341C3-8077-4FBF-BDE3-14E20F638559}.Release|Any CPU.Build.0 = Release|Any CPU
	EndGlobalSection
	GlobalSection(SolutionProperties) = preSolution
		HideSolutionNode = FALSE
	EndGlobalSection
	GlobalSection(ExtensibilityGlobals) = postSolution
		SolutionGuid = {EAC78283-6B5B-4C0D-A3DF-A3DCA409A715}
	EndGlobalSection
EndGlobal
